
Microsoft Visual Studio Solution File, Format Version 12.00
# Visual Studio Version 17
VisualStudioVersion = 17.2.32616.157
MinimumVisualStudioVersion = 10.0.40219.1
Project("{2150E333-8FDC-42A3-9474-1A3956D46DE8}") = "Tests", "Tests", "{0E423549-DA03-4906-BF6A-92D2DD509403}"
EndProject
Project("{2150E333-8FDC-42A3-9474-1A3956D46DE8}") = "UI", "UI", "{2B2C0ADE-ED2C-490D-BBE4-86C87D2EF241}"
EndProject
Project("{2150E333-8FDC-42A3-9474-1A3956D46DE8}") = "Base", "Base", "{589D48E5-1301-4AD4-B0CF-8608A50E8BE3}"
EndProject
Project("{2150E333-8FDC-42A3-9474-1A3956D46DE8}") = "Data", "Data", "{BAC0A4BF-FD5C-41C3-BFCC-A57C07F628B9}"
EndProject
Project("{FAE04EC0-301F-11D3-BF4B-00C04F79EFBC}") = "ProjectMateTask.DAL", "Data\ProjectMateTask.DAL\ProjectMateTask.DAL.csproj", "{4B7D7DCC-FBD8-47C8-A609-06F7A449AA41}"
EndProject
Project("{FAE04EC0-301F-11D3-BF4B-00C04F79EFBC}") = "ProjectMateTaskExtensions", "Base\ProjectMateTaskExtensions\ProjectMateTaskExtensions.csproj", "{6A205FD1-68A1-4E48-B335-80728F541305}"
EndProject
Project("{FAE04EC0-301F-11D3-BF4B-00C04F79EFBC}") = "ProjetMateTaskEntities", "Base\ProjetMateTaskEntities\ProjetMateTaskEntities.csproj", "{582702D8-4E7E-45B8-8DED-318E17453C9D}"
EndProject
Project("{FAE04EC0-301F-11D3-BF4B-00C04F79EFBC}") = "ProjectMateTaskDalAndEntitesTests", "Tests\ProjectMateTaskDalAndEntitesTests\ProjectMateTaskDalAndEntitesTests.csproj", "{632C4285-869B-4933-8B33-83DE6F8B99E4}"
EndProject
Project("{FAE04EC0-301F-11D3-BF4B-00C04F79EFBC}") = "ProjectMateTaskWpfTests", "Tests\ProjectMateTaskWpfTests\ProjectMateTaskWpfTests.csproj", "{B96AEE40-AEC8-4771-A647-548801A9E573}"
EndProject
Project("{FAE04EC0-301F-11D3-BF4B-00C04F79EFBC}") = "CustomControls", "UI\CustomControls\CustomControls.csproj", "{E1D3BD89-76A6-445C-B07E-BF29418FC36C}"
EndProject
Project("{FAE04EC0-301F-11D3-BF4B-00C04F79EFBC}") = "ProjectMateTask", "UI\ProjectMateTask\ProjectMateTask.csproj", "{BA64D56C-7F68-4601-B437-22BD49914E04}"
EndProject
Global
	GlobalSection(SolutionConfigurationPlatforms) = preSolution
		Debug|Any CPU = Debug|Any CPU
		Release|Any CPU = Release|Any CPU
	EndGlobalSection
	GlobalSection(ProjectConfigurationPlatforms) = postSolution
		{4B7D7DCC-FBD8-47C8-A609-06F7A449AA41}.Debug|Any CPU.ActiveCfg = Debug|Any CPU
		{4B7D7DCC-FBD8-47C8-A609-06F7A449AA41}.Debug|Any CPU.Build.0 = Debug|Any CPU
		{4B7D7DCC-FBD8-47C8-A609-06F7A449AA41}.Release|Any CPU.ActiveCfg = Release|Any CPU
		{4B7D7DCC-FBD8-47C8-A609-06F7A449AA41}.Release|Any CPU.Build.0 = Release|Any CPU
		{6A205FD1-68A1-4E48-B335-80728F541305}.Debug|Any CPU.ActiveCfg = Debug|Any CPU
		{6A205FD1-68A1-4E48-B335-80728F541305}.Debug|Any CPU.Build.0 = Debug|Any CPU
		{6A205FD1-68A1-4E48-B335-80728F541305}.Release|Any CPU.ActiveCfg = Release|Any CPU
		{6A205FD1-68A1-4E48-B335-80728F541305}.Release|Any CPU.Build.0 = Release|Any CPU
		{582702D8-4E7E-45B8-8DED-318E17453C9D}.Debug|Any CPU.ActiveCfg = Debug|Any CPU
		{582702D8-4E7E-45B8-8DED-318E17453C9D}.Debug|Any CPU.Build.0 = Debug|Any CPU
		{582702D8-4E7E-45B8-8DED-318E17453C9D}.Release|Any CPU.ActiveCfg = Release|Any CPU
		{582702D8-4E7E-45B8-8DED-318E17453C9D}.Release|Any CPU.Build.0 = Release|Any CPU
		{632C4285-869B-4933-8B33-83DE6F8B99E4}.Debug|Any CPU.ActiveCfg = Debug|Any CPU
		{632C4285-869B-4933-8B33-83DE6F8B99E4}.Debug|Any CPU.Build.0 = Debug|Any CPU
		{632C4285-869B-4933-8B33-83DE6F8B99E4}.Release|Any CPU.ActiveCfg = Release|Any CPU
		{632C4285-869B-4933-8B33-83DE6F8B99E4}.Release|Any CPU.Build.0 = Release|Any CPU
		{B96AEE40-AEC8-4771-A647-548801A9E573}.Debug|Any CPU.ActiveCfg = Debug|Any CPU
		{B96AEE40-AEC8-4771-A647-548801A9E573}.Debug|Any CPU.Build.0 = Debug|Any CPU
		{B96AEE40-AEC8-4771-A647-548801A9E573}.Release|Any CPU.ActiveCfg = Release|Any CPU
		{B96AEE40-AEC8-4771-A647-548801A9E573}.Release|Any CPU.Build.0 = Release|Any CPU
		{E1D3BD89-76A6-445C-B07E-BF29418FC36C}.Debug|Any CPU.ActiveCfg = Debug|Any CPU
		{E1D3BD89-76A6-445C-B07E-BF29418FC36C}.Debug|Any CPU.Build.0 = Debug|Any CPU
		{E1D3BD89-76A6-445C-B07E-BF29418FC36C}.Release|Any CPU.ActiveCfg = Release|Any CPU
		{E1D3BD89-76A6-445C-B07E-BF29418FC36C}.Release|Any CPU.Build.0 = Release|Any CPU
		{BA64D56C-7F68-4601-B437-22BD49914E04}.Debug|Any CPU.ActiveCfg = Debug|Any CPU
		{BA64D56C-7F68-4601-B437-22BD49914E04}.Debug|Any CPU.Build.0 = Debug|Any CPU
		{BA64D56C-7F68-4601-B437-22BD49914E04}.Release|Any CPU.ActiveCfg = Release|Any CPU
		{BA64D56C-7F68-4601-B437-22BD49914E04}.Release|Any CPU.Build.0 = Release|Any CPU
	EndGlobalSection
	GlobalSection(SolutionProperties) = preSolution
		HideSolutionNode = FALSE
	EndGlobalSection
	GlobalSection(ExtensibilityGlobals) = postSolution
		SolutionGuid = {62E3832E-6882-4A2D-A005-247FF4C7DC6F}
	EndGlobalSection
	GlobalSection(NestedProjects) = preSolution
		{4B7D7DCC-FBD8-47C8-A609-06F7A449AA41} = {BAC0A4BF-FD5C-41C3-BFCC-A57C07F628B9}
		{6A205FD1-68A1-4E48-B335-80728F541305} = {589D48E5-1301-4AD4-B0CF-8608A50E8BE3}
		{582702D8-4E7E-45B8-8DED-318E17453C9D} = {589D48E5-1301-4AD4-B0CF-8608A50E8BE3}
		{632C4285-869B-4933-8B33-83DE6F8B99E4} = {0E423549-DA03-4906-BF6A-92D2DD509403}
		{B96AEE40-AEC8-4771-A647-548801A9E573} = {0E423549-DA03-4906-BF6A-92D2DD509403}
		{E1D3BD89-76A6-445C-B07E-BF29418FC36C} = {2B2C0ADE-ED2C-490D-BBE4-86C87D2EF241}
		{BA64D56C-7F68-4601-B437-22BD49914E04} = {2B2C0ADE-ED2C-490D-BBE4-86C87D2EF241}
	EndGlobalSection
EndGlobal
