
Microsoft Visual Studio Solution File, Format Version 12.00
# Visual Studio Version 17
VisualStudioVersion = 17.2.32616.157
MinimumVisualStudioVersion = 10.0.40219.1
Project("{9A19103F-16F7-4668-BE54-9A1E7A4F7556}") = "ProjectMateTask", "ProjectMateTask\ProjectMateTask.csproj", "{15046A28-AA2A-4B97-969A-50A495E97FD4}"
EndProject
Project("{9A19103F-16F7-4668-BE54-9A1E7A4F7556}") = "ProjectMateTask.DAL", "ProjectMateTask.DAL\ProjectMateTask.DAL.csproj", "{06B4CECD-FE44-48E8-92DF-44BD73772ABC}"
EndProject
Project("{9A19103F-16F7-4668-BE54-9A1E7A4F7556}") = "ProjectMateTaskDalAndEntitesTests", "ProjectMateTaskDalAndEntitesTests\ProjectMateTaskDalAndEntitesTests.csproj", "{9DFB55A1-1C13-45FA-A367-5A0CCEC445D7}"
EndProject
Project("{FAE04EC0-301F-11D3-BF4B-00C04F79EFBC}") = "CustomControls", "CustomControls\CustomControls.csproj", "{5E4FAE55-3195-41CB-BE9C-02174D88EB59}"
EndProject
Project("{FAE04EC0-301F-11D3-BF4B-00C04F79EFBC}") = "ProjectMateTaskExtensions", "ProjectMateTaskExtensions\ProjectMateTaskExtensions.csproj", "{61A61C37-6296-435C-BA7D-21AA9A04C9FF}"
EndProject
Project("{FAE04EC0-301F-11D3-BF4B-00C04F79EFBC}") = "ProjetMateTaskEntities", "ProjetMateTaskEntities\ProjetMateTaskEntities.csproj", "{5DDEB4C6-9ADC-4322-A702-9A81BD0503CB}"
EndProject
Project("{2150E333-8FDC-42A3-9474-1A3956D46DE8}") = "Tests", "Tests", "{0E423549-DA03-4906-BF6A-92D2DD509403}"
EndProject
Project("{2150E333-8FDC-42A3-9474-1A3956D46DE8}") = "WPF", "WPF", "{2B2C0ADE-ED2C-490D-BBE4-86C87D2EF241}"
EndProject
Project("{2150E333-8FDC-42A3-9474-1A3956D46DE8}") = "BaseData", "BaseData", "{589D48E5-1301-4AD4-B0CF-8608A50E8BE3}"
EndProject
Project("{FAE04EC0-301F-11D3-BF4B-00C04F79EFBC}") = "ProjectMateTaskWpfTests", "ProjectMateTaskWpfTests\ProjectMateTaskWpfTests.csproj", "{5B177036-D850-47A7-A96B-949B32BC5683}"
EndProject
Global
	GlobalSection(SolutionConfigurationPlatforms) = preSolution
		Debug|Any CPU = Debug|Any CPU
		Release|Any CPU = Release|Any CPU
	EndGlobalSection
	GlobalSection(ProjectConfigurationPlatforms) = postSolution
		{15046A28-AA2A-4B97-969A-50A495E97FD4}.Debug|Any CPU.ActiveCfg = Debug|Any CPU
		{15046A28-AA2A-4B97-969A-50A495E97FD4}.Debug|Any CPU.Build.0 = Debug|Any CPU
		{15046A28-AA2A-4B97-969A-50A495E97FD4}.Release|Any CPU.ActiveCfg = Release|Any CPU
		{15046A28-AA2A-4B97-969A-50A495E97FD4}.Release|Any CPU.Build.0 = Release|Any CPU
		{06B4CECD-FE44-48E8-92DF-44BD73772ABC}.Debug|Any CPU.ActiveCfg = Debug|Any CPU
		{06B4CECD-FE44-48E8-92DF-44BD73772ABC}.Debug|Any CPU.Build.0 = Debug|Any CPU
		{06B4CECD-FE44-48E8-92DF-44BD73772ABC}.Release|Any CPU.ActiveCfg = Release|Any CPU
		{06B4CECD-FE44-48E8-92DF-44BD73772ABC}.Release|Any CPU.Build.0 = Release|Any CPU
		{9DFB55A1-1C13-45FA-A367-5A0CCEC445D7}.Debug|Any CPU.ActiveCfg = Debug|Any CPU
		{9DFB55A1-1C13-45FA-A367-5A0CCEC445D7}.Debug|Any CPU.Build.0 = Debug|Any CPU
		{9DFB55A1-1C13-45FA-A367-5A0CCEC445D7}.Release|Any CPU.ActiveCfg = Release|Any CPU
		{9DFB55A1-1C13-45FA-A367-5A0CCEC445D7}.Release|Any CPU.Build.0 = Release|Any CPU
		{5E4FAE55-3195-41CB-BE9C-02174D88EB59}.Debug|Any CPU.ActiveCfg = Debug|Any CPU
		{5E4FAE55-3195-41CB-BE9C-02174D88EB59}.Debug|Any CPU.Build.0 = Debug|Any CPU
		{5E4FAE55-3195-41CB-BE9C-02174D88EB59}.Release|Any CPU.ActiveCfg = Release|Any CPU
		{5E4FAE55-3195-41CB-BE9C-02174D88EB59}.Release|Any CPU.Build.0 = Release|Any CPU
		{61A61C37-6296-435C-BA7D-21AA9A04C9FF}.Debug|Any CPU.ActiveCfg = Debug|Any CPU
		{61A61C37-6296-435C-BA7D-21AA9A04C9FF}.Debug|Any CPU.Build.0 = Debug|Any CPU
		{61A61C37-6296-435C-BA7D-21AA9A04C9FF}.Release|Any CPU.ActiveCfg = Release|Any CPU
		{61A61C37-6296-435C-BA7D-21AA9A04C9FF}.Release|Any CPU.Build.0 = Release|Any CPU
		{5DDEB4C6-9ADC-4322-A702-9A81BD0503CB}.Debug|Any CPU.ActiveCfg = Debug|Any CPU
		{5DDEB4C6-9ADC-4322-A702-9A81BD0503CB}.Debug|Any CPU.Build.0 = Debug|Any CPU
		{5DDEB4C6-9ADC-4322-A702-9A81BD0503CB}.Release|Any CPU.ActiveCfg = Release|Any CPU
		{5DDEB4C6-9ADC-4322-A702-9A81BD0503CB}.Release|Any CPU.Build.0 = Release|Any CPU
		{5B177036-D850-47A7-A96B-949B32BC5683}.Debug|Any CPU.ActiveCfg = Debug|Any CPU
		{5B177036-D850-47A7-A96B-949B32BC5683}.Debug|Any CPU.Build.0 = Debug|Any CPU
		{5B177036-D850-47A7-A96B-949B32BC5683}.Release|Any CPU.ActiveCfg = Release|Any CPU
		{5B177036-D850-47A7-A96B-949B32BC5683}.Release|Any CPU.Build.0 = Release|Any CPU
	EndGlobalSection
	GlobalSection(SolutionProperties) = preSolution
		HideSolutionNode = FALSE
	EndGlobalSection
	GlobalSection(ExtensibilityGlobals) = postSolution
		SolutionGuid = {62E3832E-6882-4A2D-A005-247FF4C7DC6F}
	EndGlobalSection
	GlobalSection(NestedProjects) = preSolution
		{9DFB55A1-1C13-45FA-A367-5A0CCEC445D7} = {0E423549-DA03-4906-BF6A-92D2DD509403}
		{5E4FAE55-3195-41CB-BE9C-02174D88EB59} = {2B2C0ADE-ED2C-490D-BBE4-86C87D2EF241}
		{15046A28-AA2A-4B97-969A-50A495E97FD4} = {2B2C0ADE-ED2C-490D-BBE4-86C87D2EF241}
		{61A61C37-6296-435C-BA7D-21AA9A04C9FF} = {589D48E5-1301-4AD4-B0CF-8608A50E8BE3}
		{5DDEB4C6-9ADC-4322-A702-9A81BD0503CB} = {589D48E5-1301-4AD4-B0CF-8608A50E8BE3}
		{5B177036-D850-47A7-A96B-949B32BC5683} = {0E423549-DA03-4906-BF6A-92D2DD509403}
	EndGlobalSection
EndGlobal
